// !$*UTF8*$!
{
	archiveVersion = 1;
	classes = {
	};
	objectVersion = 46;
	objects = {

/* Begin PBXBuildFile section */
		10073BCD1E114ADB00CA0379 /* TGFollowViewController.xib in Resources */ = {isa = PBXBuildFile; fileRef = 10073BCC1E114ADB00CA0379 /* TGFollowViewController.xib */; };
		105EEE5C1E0BD4F4003A948D /* Assets.xcassets in Resources */ = {isa = PBXBuildFile; fileRef = 105EEE5B1E0BD4F4003A948D /* Assets.xcassets */; };
		10F19CE91E10171100130BFB /* TGEssenceViewController.m in Sources */ = {isa = PBXBuildFile; fileRef = 10F19CC21E10171100130BFB /* TGEssenceViewController.m */; };
		10F19CEA1E10171100130BFB /* TGFollowViewController.m in Sources */ = {isa = PBXBuildFile; fileRef = 10F19CC81E10171100130BFB /* TGFollowViewController.m */; };
		10F19CEB1E10171100130BFB /* TGLatestViewController.m in Sources */ = {isa = PBXBuildFile; fileRef = 10F19CCE1E10171100130BFB /* TGLatestViewController.m */; };
		10F19CEC1E10171100130BFB /* TGMeViewController.m in Sources */ = {isa = PBXBuildFile; fileRef = 10F19CD41E10171100130BFB /* TGMeViewController.m */; };
		10F19CED1E10171100130BFB /* AppDelegate.m in Sources */ = {isa = PBXBuildFile; fileRef = 10F19CD91E10171100130BFB /* AppDelegate.m */; };
		10F19CEE1E10171100130BFB /* UIBarButtonItem+TGExtension.m in Sources */ = {isa = PBXBuildFile; fileRef = 10F19CDC1E10171100130BFB /* UIBarButtonItem+TGExtension.m */; };
		10F19CEF1E10171100130BFB /* UIView+FixViewDebugging.m in Sources */ = {isa = PBXBuildFile; fileRef = 10F19CDE1E10171100130BFB /* UIView+FixViewDebugging.m */; };
		10F19CF01E10171100130BFB /* UIView+TGExtension.m in Sources */ = {isa = PBXBuildFile; fileRef = 10F19CE01E10171100130BFB /* UIView+TGExtension.m */; };
		10F19CF11E10171100130BFB /* TGTabBarController.m in Sources */ = {isa = PBXBuildFile; fileRef = 10F19CE31E10171100130BFB /* TGTabBarController.m */; };
		10F19CF21E10171100130BFB /* main.m in Sources */ = {isa = PBXBuildFile; fileRef = 10F19CE41E10171100130BFB /* main.m */; };
		10F19CF31E10171100130BFB /* TGTabBar.m in Sources */ = {isa = PBXBuildFile; fileRef = 10F19CE81E10171100130BFB /* TGTabBar.m */; };
		10F3B2841E10C4FC00BFB8D8 /* TGNavigationController.m in Sources */ = {isa = PBXBuildFile; fileRef = 10F3B2831E10C4FC00BFB8D8 /* TGNavigationController.m */; };
		10F3B2871E10C99800BFB8D8 /* TGTestViewController.m in Sources */ = {isa = PBXBuildFile; fileRef = 10F3B2861E10C99800BFB8D8 /* TGTestViewController.m */; };
/* End PBXBuildFile section */

/* Begin PBXFileReference section */
		10073BCC1E114ADB00CA0379 /* TGFollowViewController.xib */ = {isa = PBXFileReference; fileEncoding = 4; lastKnownFileType = file.xib; path = TGFollowViewController.xib; sourceTree = "<group>"; };
		105EEE4C1E0BD4F3003A948D /* MyWeibo.app */ = {isa = PBXFileReference; explicitFileType = wrapper.application; includeInIndex = 0; path = MyWeibo.app; sourceTree = BUILT_PRODUCTS_DIR; };
		105EEE5B1E0BD4F4003A948D /* Assets.xcassets */ = {isa = PBXFileReference; lastKnownFileType = folder.assetcatalog; path = Assets.xcassets; sourceTree = "<group>"; };
		105EEE601E0BD4F4003A948D /* Info.plist */ = {isa = PBXFileReference; lastKnownFileType = text.plist.xml; path = Info.plist; sourceTree = "<group>"; };
		10F19CC11E10171100130BFB /* TGEssenceViewController.h */ = {isa = PBXFileReference; fileEncoding = 4; lastKnownFileType = sourcecode.c.h; path = TGEssenceViewController.h; sourceTree = "<group>"; };
		10F19CC21E10171100130BFB /* TGEssenceViewController.m */ = {isa = PBXFileReference; fileEncoding = 4; lastKnownFileType = sourcecode.c.objc; path = TGEssenceViewController.m; sourceTree = "<group>"; };
		10F19CC71E10171100130BFB /* TGFollowViewController.h */ = {isa = PBXFileReference; fileEncoding = 4; lastKnownFileType = sourcecode.c.h; path = TGFollowViewController.h; sourceTree = "<group>"; };
		10F19CC81E10171100130BFB /* TGFollowViewController.m */ = {isa = PBXFileReference; fileEncoding = 4; lastKnownFileType = sourcecode.c.objc; path = TGFollowViewController.m; sourceTree = "<group>"; };
		10F19CCD1E10171100130BFB /* TGLatestViewController.h */ = {isa = PBXFileReference; fileEncoding = 4; lastKnownFileType = sourcecode.c.h; path = TGLatestViewController.h; sourceTree = "<group>"; };
		10F19CCE1E10171100130BFB /* TGLatestViewController.m */ = {isa = PBXFileReference; fileEncoding = 4; lastKnownFileType = sourcecode.c.objc; path = TGLatestViewController.m; sourceTree = "<group>"; };
		10F19CD31E10171100130BFB /* TGMeViewController.h */ = {isa = PBXFileReference; fileEncoding = 4; lastKnownFileType = sourcecode.c.h; path = TGMeViewController.h; sourceTree = "<group>"; };
		10F19CD41E10171100130BFB /* TGMeViewController.m */ = {isa = PBXFileReference; fileEncoding = 4; lastKnownFileType = sourcecode.c.objc; path = TGMeViewController.m; sourceTree = "<group>"; };
		10F19CD81E10171100130BFB /* AppDelegate.h */ = {isa = PBXFileReference; fileEncoding = 4; lastKnownFileType = sourcecode.c.h; path = AppDelegate.h; sourceTree = "<group>"; };
		10F19CD91E10171100130BFB /* AppDelegate.m */ = {isa = PBXFileReference; fileEncoding = 4; lastKnownFileType = sourcecode.c.objc; path = AppDelegate.m; sourceTree = "<group>"; };
		10F19CDB1E10171100130BFB /* UIBarButtonItem+TGExtension.h */ = {isa = PBXFileReference; fileEncoding = 4; lastKnownFileType = sourcecode.c.h; path = "UIBarButtonItem+TGExtension.h"; sourceTree = "<group>"; };
		10F19CDC1E10171100130BFB /* UIBarButtonItem+TGExtension.m */ = {isa = PBXFileReference; fileEncoding = 4; lastKnownFileType = sourcecode.c.objc; path = "UIBarButtonItem+TGExtension.m"; sourceTree = "<group>"; };
		10F19CDD1E10171100130BFB /* UIView+FixViewDebugging.h */ = {isa = PBXFileReference; fileEncoding = 4; lastKnownFileType = sourcecode.c.h; path = "UIView+FixViewDebugging.h"; sourceTree = "<group>"; };
		10F19CDE1E10171100130BFB /* UIView+FixViewDebugging.m */ = {isa = PBXFileReference; fileEncoding = 4; lastKnownFileType = sourcecode.c.objc; path = "UIView+FixViewDebugging.m"; sourceTree = "<group>"; };
		10F19CDF1E10171100130BFB /* UIView+TGExtension.h */ = {isa = PBXFileReference; fileEncoding = 4; lastKnownFileType = sourcecode.c.h; path = "UIView+TGExtension.h"; sourceTree = "<group>"; };
		10F19CE01E10171100130BFB /* UIView+TGExtension.m */ = {isa = PBXFileReference; fileEncoding = 4; lastKnownFileType = sourcecode.c.objc; path = "UIView+TGExtension.m"; sourceTree = "<group>"; };
		10F19CE21E10171100130BFB /* TGTabBarController.h */ = {isa = PBXFileReference; fileEncoding = 4; lastKnownFileType = sourcecode.c.h; path = TGTabBarController.h; sourceTree = "<group>"; };
		10F19CE31E10171100130BFB /* TGTabBarController.m */ = {isa = PBXFileReference; fileEncoding = 4; lastKnownFileType = sourcecode.c.objc; path = TGTabBarController.m; sourceTree = "<group>"; };
		10F19CE41E10171100130BFB /* main.m */ = {isa = PBXFileReference; fileEncoding = 4; lastKnownFileType = sourcecode.c.objc; path = main.m; sourceTree = "<group>"; };
		10F19CE51E10171100130BFB /* PrefixHeader.pch */ = {isa = PBXFileReference; fileEncoding = 4; lastKnownFileType = sourcecode.c.h; path = PrefixHeader.pch; sourceTree = "<group>"; };
		10F19CE71E10171100130BFB /* TGTabBar.h */ = {isa = PBXFileReference; fileEncoding = 4; lastKnownFileType = sourcecode.c.h; path = TGTabBar.h; sourceTree = "<group>"; };
		10F19CE81E10171100130BFB /* TGTabBar.m */ = {isa = PBXFileReference; fileEncoding = 4; lastKnownFileType = sourcecode.c.objc; path = TGTabBar.m; sourceTree = "<group>"; };
		10F3B2821E10C4FC00BFB8D8 /* TGNavigationController.h */ = {isa = PBXFileReference; fileEncoding = 4; lastKnownFileType = sourcecode.c.h; path = TGNavigationController.h; sourceTree = "<group>"; };
		10F3B2831E10C4FC00BFB8D8 /* TGNavigationController.m */ = {isa = PBXFileReference; fileEncoding = 4; lastKnownFileType = sourcecode.c.objc; path = TGNavigationController.m; sourceTree = "<group>"; };
		10F3B2851E10C99800BFB8D8 /* TGTestViewController.h */ = {isa = PBXFileReference; fileEncoding = 4; lastKnownFileType = sourcecode.c.h; path = TGTestViewController.h; sourceTree = "<group>"; };
		10F3B2861E10C99800BFB8D8 /* TGTestViewController.m */ = {isa = PBXFileReference; fileEncoding = 4; lastKnownFileType = sourcecode.c.objc; path = TGTestViewController.m; sourceTree = "<group>"; };
/* End PBXFileReference section */

/* Begin PBXFrameworksBuildPhase section */
		105EEE491E0BD4F3003A948D /* Frameworks */ = {
			isa = PBXFrameworksBuildPhase;
			buildActionMask = 2147483647;
			files = (
			);
			runOnlyForDeploymentPostprocessing = 0;
		};
/* End PBXFrameworksBuildPhase section */

/* Begin PBXGroup section */
		105EEE431E0BD4F3003A948D = {
			isa = PBXGroup;
			children = (
				105EEE4E1E0BD4F3003A948D /* MyWeibo */,
				105EEE4D1E0BD4F3003A948D /* Products */,
			);
			sourceTree = "<group>";
		};
		105EEE4D1E0BD4F3003A948D /* Products */ = {
			isa = PBXGroup;
			children = (
				105EEE4C1E0BD4F3003A948D /* MyWeibo.app */,
			);
			name = Products;
			sourceTree = "<group>";
		};
		105EEE4E1E0BD4F3003A948D /* MyWeibo */ = {
			isa = PBXGroup;
			children = (
				10F19CBE1E10171100130BFB /* Classes */,
				105EEE4F1E0BD4F3003A948D /* Supporting Files */,
			);
			path = MyWeibo;
			sourceTree = "<group>";
		};
		105EEE4F1E0BD4F3003A948D /* Supporting Files */ = {
			isa = PBXGroup;
			children = (
				105EEE5B1E0BD4F4003A948D /* Assets.xcassets */,
				105EEE601E0BD4F4003A948D /* Info.plist */,
			);
			name = "Supporting Files";
			sourceTree = "<group>";
		};
		10F19CBE1E10171100130BFB /* Classes */ = {
			isa = PBXGroup;
			children = (
				10F19CBF1E10171100130BFB /* Essence */,
				10F19CC51E10171100130BFB /* Follow */,
				10F19CCB1E10171100130BFB /* Latest */,
				10F19CD11E10171100130BFB /* Me */,
				10F19CD71E10171100130BFB /* Other */,
			);
			path = Classes;
			sourceTree = "<group>";
		};
		10F19CBF1E10171100130BFB /* Essence */ = {
			isa = PBXGroup;
			children = (
				10F19CC01E10171100130BFB /* Controller */,
				10F19CC31E10171100130BFB /* Model */,
				10F19CC41E10171100130BFB /* View */,
			);
			path = Essence;
			sourceTree = "<group>";
		};
		10F19CC01E10171100130BFB /* Controller */ = {
			isa = PBXGroup;
			children = (
				10F19CC11E10171100130BFB /* TGEssenceViewController.h */,
				10F19CC21E10171100130BFB /* TGEssenceViewController.m */,
			);
			path = Controller;
			sourceTree = "<group>";
		};
		10F19CC31E10171100130BFB /* Model */ = {
			isa = PBXGroup;
			children = (
			);
			path = Model;
			sourceTree = "<group>";
		};
		10F19CC41E10171100130BFB /* View */ = {
			isa = PBXGroup;
			children = (
			);
			path = View;
			sourceTree = "<group>";
		};
		10F19CC51E10171100130BFB /* Follow */ = {
			isa = PBXGroup;
			children = (
				10F19CC61E10171100130BFB /* Controller */,
				10F19CC91E10171100130BFB /* Model */,
				10F19CCA1E10171100130BFB /* View */,
			);
			path = Follow;
			sourceTree = "<group>";
		};
		10F19CC61E10171100130BFB /* Controller */ = {
			isa = PBXGroup;
			children = (
				10F19CC71E10171100130BFB /* TGFollowViewController.h */,
				10F19CC81E10171100130BFB /* TGFollowViewController.m */,
				10073BCC1E114ADB00CA0379 /* TGFollowViewController.xib */,
			);
			path = Controller;
			sourceTree = "<group>";
		};
		10F19CC91E10171100130BFB /* Model */ = {
			isa = PBXGroup;
			children = (
			);
			path = Model;
			sourceTree = "<group>";
		};
		10F19CCA1E10171100130BFB /* View */ = {
			isa = PBXGroup;
			children = (
			);
			path = View;
			sourceTree = "<group>";
		};
		10F19CCB1E10171100130BFB /* Latest */ = {
			isa = PBXGroup;
			children = (
				10F19CCC1E10171100130BFB /* Controller */,
				10F19CCF1E10171100130BFB /* Model */,
				10F19CD01E10171100130BFB /* View */,
			);
			path = Latest;
			sourceTree = "<group>";
		};
		10F19CCC1E10171100130BFB /* Controller */ = {
			isa = PBXGroup;
			children = (
				10F19CCD1E10171100130BFB /* TGLatestViewController.h */,
				10F19CCE1E10171100130BFB /* TGLatestViewController.m */,
			);
			path = Controller;
			sourceTree = "<group>";
		};
		10F19CCF1E10171100130BFB /* Model */ = {
			isa = PBXGroup;
			children = (
			);
			path = Model;
			sourceTree = "<group>";
		};
		10F19CD01E10171100130BFB /* View */ = {
			isa = PBXGroup;
			children = (
			);
			path = View;
			sourceTree = "<group>";
		};
		10F19CD11E10171100130BFB /* Me */ = {
			isa = PBXGroup;
			children = (
				10F19CD21E10171100130BFB /* Controller */,
				10F19CD51E10171100130BFB /* Model */,
				10F19CD61E10171100130BFB /* View */,
			);
			path = Me;
			sourceTree = "<group>";
		};
		10F19CD21E10171100130BFB /* Controller */ = {
			isa = PBXGroup;
			children = (
				10F19CD31E10171100130BFB /* TGMeViewController.h */,
				10F19CD41E10171100130BFB /* TGMeViewController.m */,
			);
			path = Controller;
			sourceTree = "<group>";
		};
		10F19CD51E10171100130BFB /* Model */ = {
			isa = PBXGroup;
			children = (
			);
			path = Model;
			sourceTree = "<group>";
		};
		10F19CD61E10171100130BFB /* View */ = {
			isa = PBXGroup;
			children = (
			);
			path = View;
			sourceTree = "<group>";
		};
		10F19CD71E10171100130BFB /* Other */ = {
			isa = PBXGroup;
			children = (
				10F19CE61E10171100130BFB /* View */,
				10F19CE11E10171100130BFB /* Controller */,
				10F19CDA1E10171100130BFB /* Category */,
				10F19CD81E10171100130BFB /* AppDelegate.h */,
				10F19CD91E10171100130BFB /* AppDelegate.m */,
				10F19CE41E10171100130BFB /* main.m */,
				10F19CE51E10171100130BFB /* PrefixHeader.pch */,
				10F3B2851E10C99800BFB8D8 /* TGTestViewController.h */,
				10F3B2861E10C99800BFB8D8 /* TGTestViewController.m */,
			);
			path = Other;
			sourceTree = "<group>";
		};
		10F19CDA1E10171100130BFB /* Category */ = {
			isa = PBXGroup;
			children = (
				10F19CDB1E10171100130BFB /* UIBarButtonItem+TGExtension.h */,
				10F19CDC1E10171100130BFB /* UIBarButtonItem+TGExtension.m */,
				10F19CDD1E10171100130BFB /* UIView+FixViewDebugging.h */,
				10F19CDE1E10171100130BFB /* UIView+FixViewDebugging.m */,
				10F19CDF1E10171100130BFB /* UIView+TGExtension.h */,
				10F19CE01E10171100130BFB /* UIView+TGExtension.m */,
			);
			path = Category;
			sourceTree = "<group>";
		};
		10F19CE11E10171100130BFB /* Controller */ = {
			isa = PBXGroup;
			children = (
				10F19CE21E10171100130BFB /* TGTabBarController.h */,
				10F19CE31E10171100130BFB /* TGTabBarController.m */,
				10F3B2821E10C4FC00BFB8D8 /* TGNavigationController.h */,
				10F3B2831E10C4FC00BFB8D8 /* TGNavigationController.m */,
			);
			path = Controller;
			sourceTree = "<group>";
		};
		10F19CE61E10171100130BFB /* View */ = {
			isa = PBXGroup;
			children = (
				10F19CE71E10171100130BFB /* TGTabBar.h */,
				10F19CE81E10171100130BFB /* TGTabBar.m */,
			);
			path = View;
			sourceTree = "<group>";
		};
/* End PBXGroup section */

/* Begin PBXNativeTarget section */
		105EEE4B1E0BD4F3003A948D /* MyWeibo */ = {
			isa = PBXNativeTarget;
			buildConfigurationList = 105EEE631E0BD4F4003A948D /* Build configuration list for PBXNativeTarget "MyWeibo" */;
			buildPhases = (
				105EEE481E0BD4F3003A948D /* Sources */,
				105EEE491E0BD4F3003A948D /* Frameworks */,
				105EEE4A1E0BD4F3003A948D /* Resources */,
			);
			buildRules = (
			);
			dependencies = (
			);
			name = MyWeibo;
			productName = MyWeibo;
			productReference = 105EEE4C1E0BD4F3003A948D /* MyWeibo.app */;
			productType = "com.apple.product-type.application";
		};
/* End PBXNativeTarget section */

/* Begin PBXProject section */
		105EEE441E0BD4F3003A948D /* Project object */ = {
			isa = PBXProject;
			attributes = {
				CLASSPREFIX = TG;
				LastUpgradeCheck = 0730;
				ORGANIZATIONNAME = "Theodore Guo";
				TargetAttributes = {
					105EEE4B1E0BD4F3003A948D = {
						CreatedOnToolsVersion = 7.3.1;
					};
				};
			};
			buildConfigurationList = 105EEE471E0BD4F3003A948D /* Build configuration list for PBXProject "MyWeibo" */;
			compatibilityVersion = "Xcode 3.2";
			developmentRegion = English;
			hasScannedForEncodings = 0;
			knownRegions = (
				en,
				Base,
			);
			mainGroup = 105EEE431E0BD4F3003A948D;
			productRefGroup = 105EEE4D1E0BD4F3003A948D /* Products */;
			projectDirPath = "";
			projectRoot = "";
			targets = (
				105EEE4B1E0BD4F3003A948D /* MyWeibo */,
			);
		};
/* End PBXProject section */

/* Begin PBXResourcesBuildPhase section */
		105EEE4A1E0BD4F3003A948D /* Resources */ = {
			isa = PBXResourcesBuildPhase;
			buildActionMask = 2147483647;
			files = (
				10073BCD1E114ADB00CA0379 /* TGFollowViewController.xib in Resources */,
				105EEE5C1E0BD4F4003A948D /* Assets.xcassets in Resources */,
			);
			runOnlyForDeploymentPostprocessing = 0;
		};
/* End PBXResourcesBuildPhase section */

/* Begin PBXSourcesBuildPhase section */
		105EEE481E0BD4F3003A948D /* Sources */ = {
			isa = PBXSourcesBuildPhase;
			buildActionMask = 2147483647;
			files = (
				10F19CF21E10171100130BFB /* main.m in Sources */,
				10F19CEB1E10171100130BFB /* TGLatestViewController.m in Sources */,
				10F19CEE1E10171100130BFB /* UIBarButtonItem+TGExtension.m in Sources */,
				10F19CEA1E10171100130BFB /* TGFollowViewController.m in Sources */,
				10F19CF01E10171100130BFB /* UIView+TGExtension.m in Sources */,
				10F3B2871E10C99800BFB8D8 /* TGTestViewController.m in Sources */,
				10F19CE91E10171100130BFB /* TGEssenceViewController.m in Sources */,
				10F3B2841E10C4FC00BFB8D8 /* TGNavigationController.m in Sources */,
				10F19CEC1E10171100130BFB /* TGMeViewController.m in Sources */,
				10F19CEF1E10171100130BFB /* UIView+FixViewDebugging.m in Sources */,
				10F19CED1E10171100130BFB /* AppDelegate.m in Sources */,
				10F19CF31E10171100130BFB /* TGTabBar.m in Sources */,
				10F19CF11E10171100130BFB /* TGTabBarController.m in Sources */,
			);
			runOnlyForDeploymentPostprocessing = 0;
		};
/* End PBXSourcesBuildPhase section */

/* Begin XCBuildConfiguration section */
		105EEE611E0BD4F4003A948D /* Debug */ = {
			isa = XCBuildConfiguration;
			buildSettings = {
				ALWAYS_SEARCH_USER_PATHS = NO;
				CLANG_ANALYZER_NONNULL = YES;
				CLANG_CXX_LANGUAGE_STANDARD = "gnu++0x";
				CLANG_CXX_LIBRARY = "libc++";
				CLANG_ENABLE_MODULES = YES;
				CLANG_ENABLE_OBJC_ARC = YES;
				CLANG_WARN_BOOL_CONVERSION = YES;
				CLANG_WARN_CONSTANT_CONVERSION = YES;
				CLANG_WARN_DIRECT_OBJC_ISA_USAGE = YES_ERROR;
				CLANG_WARN_EMPTY_BODY = YES;
				CLANG_WARN_ENUM_CONVERSION = YES;
				CLANG_WARN_INT_CONVERSION = YES;
				CLANG_WARN_OBJC_ROOT_CLASS = YES_ERROR;
				CLANG_WARN_UNREACHABLE_CODE = YES;
				CLANG_WARN__DUPLICATE_METHOD_MATCH = YES;
				"CODE_SIGN_IDENTITY[sdk=iphoneos*]" = "iPhone Developer";
				COPY_PHASE_STRIP = NO;
				DEBUG_INFORMATION_FORMAT = dwarf;
				ENABLE_STRICT_OBJC_MSGSEND = YES;
				ENABLE_TESTABILITY = YES;
				GCC_C_LANGUAGE_STANDARD = gnu99;
				GCC_DYNAMIC_NO_PIC = NO;
				GCC_NO_COMMON_BLOCKS = YES;
				GCC_OPTIMIZATION_LEVEL = 0;
				GCC_PREPROCESSOR_DEFINITIONS = (
					"DEBUG=1",
					"$(inherited)",
				);
				GCC_WARN_64_TO_32_BIT_CONVERSION = YES;
				GCC_WARN_ABOUT_RETURN_TYPE = YES_ERROR;
				GCC_WARN_UNDECLARED_SELECTOR = YES;
				GCC_WARN_UNINITIALIZED_AUTOS = YES_AGGRESSIVE;
				GCC_WARN_UNUSED_FUNCTION = YES;
				GCC_WARN_UNUSED_VARIABLE = YES;
				IPHONEOS_DEPLOYMENT_TARGET = 8.0;
				MTL_ENABLE_DEBUG_INFO = YES;
				ONLY_ACTIVE_ARCH = YES;
				SDKROOT = iphoneos;
				TARGETED_DEVICE_FAMILY = "1,2";
			};
			name = Debug;
		};
		105EEE621E0BD4F4003A948D /* Release */ = {
			isa = XCBuildConfiguration;
			buildSettings = {
				ALWAYS_SEARCH_USER_PATHS = NO;
				CLANG_ANALYZER_NONNULL = YES;
				CLANG_CXX_LANGUAGE_STANDARD = "gnu++0x";
				CLANG_CXX_LIBRARY = "libc++";
				CLANG_ENABLE_MODULES = YES;
				CLANG_ENABLE_OBJC_ARC = YES;
				CLANG_WARN_BOOL_CONVERSION = YES;
				CLANG_WARN_CONSTANT_CONVERSION = YES;
				CLANG_WARN_DIRECT_OBJC_ISA_USAGE = YES_ERROR;
				CLANG_WARN_EMPTY_BODY = YES;
				CLANG_WARN_ENUM_CONVERSION = YES;
				CLANG_WARN_INT_CONVERSION = YES;
				CLANG_WARN_OBJC_ROOT_CLASS = YES_ERROR;
				CLANG_WARN_UNREACHABLE_CODE = YES;
				CLANG_WARN__DUPLICATE_METHOD_MATCH = YES;
				"CODE_SIGN_IDENTITY[sdk=iphoneos*]" = "iPhone Developer";
				COPY_PHASE_STRIP = NO;
				DEBUG_INFORMATION_FORMAT = "dwarf-with-dsym";
				ENABLE_NS_ASSERTIONS = NO;
				ENABLE_STRICT_OBJC_MSGSEND = YES;
				GCC_C_LANGUAGE_STANDARD = gnu99;
				GCC_NO_COMMON_BLOCKS = YES;
				GCC_WARN_64_TO_32_BIT_CONVERSION = YES;
				GCC_WARN_ABOUT_RETURN_TYPE = YES_ERROR;
				GCC_WARN_UNDECLARED_SELECTOR = YES;
				GCC_WARN_UNINITIALIZED_AUTOS = YES_AGGRESSIVE;
				GCC_WARN_UNUSED_FUNCTION = YES;
				GCC_WARN_UNUSED_VARIABLE = YES;
				IPHONEOS_DEPLOYMENT_TARGET = 8.0;
				MTL_ENABLE_DEBUG_INFO = NO;
				SDKROOT = iphoneos;
				TARGETED_DEVICE_FAMILY = "1,2";
				VALIDATE_PRODUCT = YES;
			};
			name = Release;
		};
		105EEE641E0BD4F4003A948D /* Debug */ = {
			isa = XCBuildConfiguration;
			buildSettings = {
				ASSETCATALOG_COMPILER_APPICON_NAME = AppIcon;
				ASSETCATALOG_COMPILER_LAUNCHIMAGE_NAME = "Brand Assets";
				GCC_PREFIX_HEADER = MyWeibo/Classes/Other/PrefixHeader.pch;
				INFOPLIST_FILE = MyWeibo/Info.plist;
				IPHONEOS_DEPLOYMENT_TARGET = 8.3;
				LD_RUNPATH_SEARCH_PATHS = "$(inherited) @executable_path/Frameworks";
				PRODUCT_BUNDLE_IDENTIFIER = TG.MyWeibo;
				PRODUCT_NAME = "$(TARGET_NAME)";
			};
			name = Debug;
		};
		105EEE651E0BD4F4003A948D /* Release */ = {
			isa = XCBuildConfiguration;
			buildSettings = {
				ASSETCATALOG_COMPILER_APPICON_NAME = AppIcon;
				ASSETCATALOG_COMPILER_LAUNCHIMAGE_NAME = "Brand Assets";
				GCC_PREFIX_HEADER = MyWeibo/Classes/Other/PrefixHeader.pch;
				INFOPLIST_FILE = MyWeibo/Info.plist;
				IPHONEOS_DEPLOYMENT_TARGET = 8.3;
				LD_RUNPATH_SEARCH_PATHS = "$(inherited) @executable_path/Frameworks";
				PRODUCT_BUNDLE_IDENTIFIER = TG.MyWeibo;
				PRODUCT_NAME = "$(TARGET_NAME)";
			};
			name = Release;
		};
/* End XCBuildConfiguration section */

/* Begin XCConfigurationList section */
		105EEE471E0BD4F3003A948D /* Build configuration list for PBXProject "MyWeibo" */ = {
			isa = XCConfigurationList;
			buildConfigurations = (
				105EEE611E0BD4F4003A948D /* Debug */,
				105EEE621E0BD4F4003A948D /* Release */,
			);
			defaultConfigurationIsVisible = 0;
			defaultConfigurationName = Release;
		};
		105EEE631E0BD4F4003A948D /* Build configuration list for PBXNativeTarget "MyWeibo" */ = {
			isa = XCConfigurationList;
			buildConfigurations = (
				105EEE641E0BD4F4003A948D /* Debug */,
				105EEE651E0BD4F4003A948D /* Release */,
			);
			defaultConfigurationIsVisible = 0;
			defaultConfigurationName = Release;
		};
/* End XCConfigurationList section */
	};
	rootObject = 105EEE441E0BD4F3003A948D /* Project object */;
}
